
Microsoft Visual Studio Solution File, Format Version 12.00
Project("{FAE04EC0-301F-11D3-BF4B-00C04F79EFBC}") = "Gestion-Projet", "Gestion-Projet\Gestion-Projet.csproj", "{EE1FB0F4-8D75-4148-8AFE-EE0584698E04}"
EndProject
Global
	GlobalSection(SolutionConfigurationPlatforms) = preSolution
		Debug|Any CPU = Debug|Any CPU
		Release|Any CPU = Release|Any CPU
	EndGlobalSection
	GlobalSection(ProjectConfigurationPlatforms) = postSolution
		{EE1FB0F4-8D75-4148-8AFE-EE0584698E04}.Debug|Any CPU.ActiveCfg = Debug|Any CPU
		{EE1FB0F4-8D75-4148-8AFE-EE0584698E04}.Debug|Any CPU.Build.0 = Debug|Any CPU
		{EE1FB0F4-8D75-4148-8AFE-EE0584698E04}.Release|Any CPU.ActiveCfg = Release|Any CPU
		{EE1FB0F4-8D75-4148-8AFE-EE0584698E04}.Release|Any CPU.Build.0 = Release|Any CPU
	EndGlobalSection
EndGlobal
